{
  "lockfileVersion": 1,
  "configVersion": 1,
  "workspaces": {
    "": {
      "name": "sidekick-monorepo",
    },
    "apps/web-landing": {
      "name": "@sidekick/web-landing",
      "version": "0.1.0",
    },
  },
  "packages": {
    "@sidekick/web-landing": ["@sidekick/web-landing@workspace:apps/web-landing"],
  }
}
